<?xml version="1.0" encoding="utf-8"?>
<Project ToolsVersion="4.0" xmlns="http://schemas.microsoft.com/developer/msbuild/2003">
  <ItemGroup>
    <Filter Include="Source Files">
      <UniqueIdentifier>{4FC737F1-C7A5-4376-A066-2A32D752A2FF}</UniqueIdentifier>
      <Extensions>cpp;c;cc;cxx;c++;cppm;ixx;def;odl;idl;hpj;bat;asm;asmx</Extensions>
    </Filter>
    <Filter Include="Header Files">
      <UniqueIdentifier>{93995380-89BD-4b04-88EB-625FBE52EBFB}</UniqueIdentifier>
      <Extensions>h;hh;hpp;hxx;h++;hm;inl;inc;ipp;xsd</Extensions>
    </Filter>
    <Filter Include="Resource Files">
      <UniqueIdentifier>{67DA6AB6-F800-4c08-8B7A-83BB121AAD01}</UniqueIdentifier>
      <Extensions>rc;ico;cur;bmp;dlg;rc2;rct;bin;rgs;gif;jpg;jpeg;jpe;resx;tiff;tif;png;wav;mfcribbon-ms</Extensions>
    </Filter>
  </ItemGroup>
  <ItemGroup>
    <ClInclude Include="framework.h">
      <Filter>Header Files</Filter>
    </ClInclude>
    <ClInclude Include="pch.h">
      <Filter>Header Files</Filter>
    </ClInclude>
    <ClInclude Include="..\..\..\..\Users\s.gavrilenko\Desktop\airturn-airturn-shared-components-b092f6eaa16c\src\BLE\ATBLEAdvertisementManufacturerData.h">
      <Filter>Header Files</Filter>
    </ClInclude>
    <ClInclude Include="..\..\..\..\Users\s.gavrilenko\Desktop\airturn-airturn-shared-components-b092f6eaa16c\src\BLE\ATBLEATTResponse.h">
      <Filter>Header Files</Filter>
    </ClInclude>
    <ClInclude Include="..\..\..\..\Users\s.gavrilenko\Desktop\airturn-airturn-shared-components-b092f6eaa16c\src\BLE\ATBLEDeviceState.h">
      <Filter>Header Files</Filter>
    </ClInclude>
    <ClInclude Include="..\..\..\..\Users\s.gavrilenko\Desktop\airturn-airturn-shared-components-b092f6eaa16c\src\BLE\ATBLEUUIDs.h">
      <Filter>Header Files</Filter>
    </ClInclude>
    <ClInclude Include="..\..\..\..\Users\s.gavrilenko\Desktop\airturn-airturn-shared-components-b092f6eaa16c\src\DeviceConfiguration\ATAnalogInputConfig.h">
      <Filter>Header Files</Filter>
    </ClInclude>
    <ClInclude Include="..\..\..\..\Users\s.gavrilenko\Desktop\airturn-airturn-shared-components-b092f6eaa16c\src\DeviceConfiguration\ATAnalogInputConfigManager.h">
      <Filter>Header Files</Filter>
    </ClInclude>
    <ClInclude Include="..\..\..\..\Users\s.gavrilenko\Desktop\airturn-airturn-shared-components-b092f6eaa16c\src\DeviceConfiguration\ATAnalogPortConfig(Internal).h">
      <Filter>Header Files</Filter>
    </ClInclude>
    <ClInclude Include="..\..\..\..\Users\s.gavrilenko\Desktop\airturn-airturn-shared-components-b092f6eaa16c\src\DeviceConfiguration\ATAnalogPortConfig.h">
      <Filter>Header Files</Filter>
    </ClInclude>
    <ClInclude Include="..\..\..\..\Users\s.gavrilenko\Desktop\airturn-airturn-shared-components-b092f6eaa16c\src\DeviceConfiguration\ATAnalogPortConfigTypes.h">
      <Filter>Header Files</Filter>
    </ClInclude>
    <ClInclude Include="..\..\..\..\Users\s.gavrilenko\Desktop\airturn-airturn-shared-components-b092f6eaa16c\src\DeviceConfiguration\ATConfig(JSON).h">
      <Filter>Header Files</Filter>
    </ClInclude>
    <ClInclude Include="..\..\..\..\Users\s.gavrilenko\Desktop\airturn-airturn-shared-components-b092f6eaa16c\src\DeviceConfiguration\ATConfig.h">
      <Filter>Header Files</Filter>
    </ClInclude>
    <ClInclude Include="..\..\..\..\Users\s.gavrilenko\Desktop\airturn-airturn-shared-components-b092f6eaa16c\src\DeviceConfiguration\ATConnectionConfiguration.h">
      <Filter>Header Files</Filter>
    </ClInclude>
    <ClInclude Include="..\..\..\..\Users\s.gavrilenko\Desktop\airturn-airturn-shared-components-b092f6eaa16c\src\DeviceConfiguration\ATDebounceTime.h">
      <Filter>Header Files</Filter>
    </ClInclude>
    <ClInclude Include="..\..\..\..\Users\s.gavrilenko\Desktop\airturn-airturn-shared-components-b092f6eaa16c\src\DeviceConfiguration\ATDelayBeforeRepeat.h">
      <Filter>Header Files</Filter>
    </ClInclude>
    <ClInclude Include="..\..\..\..\Users\s.gavrilenko\Desktop\airturn-airturn-shared-components-b092f6eaa16c\src\DeviceConfiguration\ATIdlePowerOff.h">
      <Filter>Header Files</Filter>
    </ClInclude>
    <ClInclude Include="..\..\..\..\Users\s.gavrilenko\Desktop\airturn-airturn-shared-components-b092f6eaa16c\src\DeviceConfiguration\ATMIDIParser(JSON).h">
      <Filter>Header Files</Filter>
    </ClInclude>
    <ClInclude Include="..\..\..\..\Users\s.gavrilenko\Desktop\airturn-airturn-shared-components-b092f6eaa16c\src\DeviceConfiguration\ATMIDIParser.h">
      <Filter>Header Files</Filter>
    </ClInclude>
    <ClInclude Include="..\..\..\..\Users\s.gavrilenko\Desktop\airturn-airturn-shared-components-b092f6eaa16c\src\DeviceConfiguration\ATMIDITypes.h">
      <Filter>Header Files</Filter>
    </ClInclude>
    <ClInclude Include="..\..\..\..\Users\s.gavrilenko\Desktop\airturn-airturn-shared-components-b092f6eaa16c\src\DeviceConfiguration\ATOEM.h">
      <Filter>Header Files</Filter>
    </ClInclude>
    <ClInclude Include="..\..\..\..\Users\s.gavrilenko\Desktop\airturn-airturn-shared-components-b092f6eaa16c\src\DeviceConfiguration\ATPairingMethod.h">
      <Filter>Header Files</Filter>
    </ClInclude>
    <ClInclude Include="..\..\..\..\Users\s.gavrilenko\Desktop\airturn-airturn-shared-components-b092f6eaa16c\src\DeviceConfiguration\ATPortConfig(Internal).h">
      <Filter>Header Files</Filter>
    </ClInclude>
    <ClInclude Include="..\..\..\..\Users\s.gavrilenko\Desktop\airturn-airturn-shared-components-b092f6eaa16c\src\DeviceConfiguration\ATPortConfig.h">
      <Filter>Header Files</Filter>
    </ClInclude>
    <ClInclude Include="..\..\..\..\Users\s.gavrilenko\Desktop\airturn-airturn-shared-components-b092f6eaa16c\src\DeviceConfiguration\ATPortConfigItem(Internal).h">
      <Filter>Header Files</Filter>
    </ClInclude>
    <ClInclude Include="..\..\..\..\Users\s.gavrilenko\Desktop\airturn-airturn-shared-components-b092f6eaa16c\src\DeviceConfiguration\ATPortConfigItem.h">
      <Filter>Header Files</Filter>
    </ClInclude>
    <ClInclude Include="..\..\..\..\Users\s.gavrilenko\Desktop\airturn-airturn-shared-components-b092f6eaa16c\src\DeviceConfiguration\ATPortConfigItemValue(Internal).h">
      <Filter>Header Files</Filter>
    </ClInclude>
    <ClInclude Include="..\..\..\..\Users\s.gavrilenko\Desktop\airturn-airturn-shared-components-b092f6eaa16c\src\DeviceConfiguration\ATPortConfigItemValue.h">
      <Filter>Header Files</Filter>
    </ClInclude>
    <ClInclude Include="..\..\..\..\Users\s.gavrilenko\Desktop\airturn-airturn-shared-components-b092f6eaa16c\src\DeviceConfiguration\ATPortConfigTypes.h">
      <Filter>Header Files</Filter>
    </ClInclude>
    <ClInclude Include="..\..\..\..\Users\s.gavrilenko\Desktop\airturn-airturn-shared-components-b092f6eaa16c\src\DeviceConfiguration\ATRepeatRate.h">
      <Filter>Header Files</Filter>
    </ClInclude>
    <ClInclude Include="..\..\..\..\Users\s.gavrilenko\Desktop\airturn-airturn-shared-components-b092f6eaa16c\src\DeviceConfiguration\ATValueCodec.h">
      <Filter>Header Files</Filter>
    </ClInclude>
    <ClInclude Include="..\..\..\..\Users\s.gavrilenko\Desktop\airturn-airturn-shared-components-b092f6eaa16c\src\DeviceTypes\ATAnalogAction.h">
      <Filter>Header Files</Filter>
    </ClInclude>
    <ClInclude Include="..\..\..\..\Users\s.gavrilenko\Desktop\airturn-airturn-shared-components-b092f6eaa16c\src\DeviceTypes\ATAnalogInputValue.h">
      <Filter>Header Files</Filter>
    </ClInclude>
    <ClInclude Include="..\..\..\..\Users\s.gavrilenko\Desktop\airturn-airturn-shared-components-b092f6eaa16c\src\DeviceTypes\ATAssociatedModePortData.h">
      <Filter>Header Files</Filter>
    </ClInclude>
    <ClInclude Include="..\..\..\..\Users\s.gavrilenko\Desktop\airturn-airturn-shared-components-b092f6eaa16c\src\DeviceTypes\ATChargingState.h">
      <Filter>Header Files</Filter>
    </ClInclude>
    <ClInclude Include="..\..\..\..\Users\s.gavrilenko\Desktop\airturn-airturn-shared-components-b092f6eaa16c\src\DeviceTypes\ATConnectionControl.h">
      <Filter>Header Files</Filter>
    </ClInclude>
    <ClInclude Include="..\..\..\..\Users\s.gavrilenko\Desktop\airturn-airturn-shared-components-b092f6eaa16c\src\DeviceTypes\ATInputType.h">
      <Filter>Header Files</Filter>
    </ClInclude>
    <ClInclude Include="..\..\..\..\Users\s.gavrilenko\Desktop\airturn-airturn-shared-components-b092f6eaa16c\src\DeviceTypes\ATMode.h">
      <Filter>Header Files</Filter>
    </ClInclude>
    <ClInclude Include="..\..\..\..\Users\s.gavrilenko\Desktop\airturn-airturn-shared-components-b092f6eaa16c\src\DeviceTypes\ATModeFeatures.h">
      <Filter>Header Files</Filter>
    </ClInclude>
    <ClInclude Include="..\..\..\..\Users\s.gavrilenko\Desktop\airturn-airturn-shared-components-b092f6eaa16c\src\DeviceTypes\ATModelID.h">
      <Filter>Header Files</Filter>
    </ClInclude>
    <ClInclude Include="..\..\..\..\Users\s.gavrilenko\Desktop\airturn-airturn-shared-components-b092f6eaa16c\src\DeviceTypes\ATPairingState.h">
      <Filter>Header Files</Filter>
    </ClInclude>
    <ClInclude Include="..\..\..\..\Users\s.gavrilenko\Desktop\airturn-airturn-shared-components-b092f6eaa16c\src\DeviceTypes\ATPort.h">
      <Filter>Header Files</Filter>
    </ClInclude>
    <ClInclude Include="..\..\..\..\Users\s.gavrilenko\Desktop\airturn-airturn-shared-components-b092f6eaa16c\src\DeviceTypes\ATPorts.h">
      <Filter>Header Files</Filter>
    </ClInclude>
    <ClInclude Include="..\..\..\..\Users\s.gavrilenko\Desktop\airturn-airturn-shared-components-b092f6eaa16c\src\Foundation\asprintf.h">
      <Filter>Header Files</Filter>
    </ClInclude>
    <ClInclude Include="..\..\..\..\Users\s.gavrilenko\Desktop\airturn-airturn-shared-components-b092f6eaa16c\src\Foundation\ATAssert.h">
      <Filter>Header Files</Filter>
    </ClInclude>
    <ClInclude Include="..\..\..\..\Users\s.gavrilenko\Desktop\airturn-airturn-shared-components-b092f6eaa16c\src\Foundation\ATBase(Internal).h">
      <Filter>Header Files</Filter>
    </ClInclude>
    <ClInclude Include="..\..\..\..\Users\s.gavrilenko\Desktop\airturn-airturn-shared-components-b092f6eaa16c\src\Foundation\ATBase.h">
      <Filter>Header Files</Filter>
    </ClInclude>
    <ClInclude Include="..\..\..\..\Users\s.gavrilenko\Desktop\airturn-airturn-shared-components-b092f6eaa16c\src\Foundation\ATBaseArray(Internal).h">
      <Filter>Header Files</Filter>
    </ClInclude>
    <ClInclude Include="..\..\..\..\Users\s.gavrilenko\Desktop\airturn-airturn-shared-components-b092f6eaa16c\src\Foundation\ATBaseArray.h">
      <Filter>Header Files</Filter>
    </ClInclude>
    <ClInclude Include="..\..\..\..\Users\s.gavrilenko\Desktop\airturn-airturn-shared-components-b092f6eaa16c\src\Foundation\ATBytes.h">
      <Filter>Header Files</Filter>
    </ClInclude>
    <ClInclude Include="..\..\..\..\Users\s.gavrilenko\Desktop\airturn-airturn-shared-components-b092f6eaa16c\src\Foundation\ATCommon(Internal).h">
      <Filter>Header Files</Filter>
    </ClInclude>
    <ClInclude Include="..\..\..\..\Users\s.gavrilenko\Desktop\airturn-airturn-shared-components-b092f6eaa16c\src\Foundation\ATCommon.h">
      <Filter>Header Files</Filter>
    </ClInclude>
    <ClInclude Include="..\..\..\..\Users\s.gavrilenko\Desktop\airturn-airturn-shared-components-b092f6eaa16c\src\Foundation\ATData(Internal).h">
      <Filter>Header Files</Filter>
    </ClInclude>
    <ClInclude Include="..\..\..\..\Users\s.gavrilenko\Desktop\airturn-airturn-shared-components-b092f6eaa16c\src\Foundation\ATData.h">
      <Filter>Header Files</Filter>
    </ClInclude>
    <ClInclude Include="..\..\..\..\Users\s.gavrilenko\Desktop\airturn-airturn-shared-components-b092f6eaa16c\src\Foundation\ATDefines.h">
      <Filter>Header Files</Filter>
    </ClInclude>
    <ClInclude Include="..\..\..\..\Users\s.gavrilenko\Desktop\airturn-airturn-shared-components-b092f6eaa16c\src\Foundation\ATEndian.h">
      <Filter>Header Files</Filter>
    </ClInclude>
    <ClInclude Include="..\..\..\..\Users\s.gavrilenko\Desktop\airturn-airturn-shared-components-b092f6eaa16c\src\Foundation\ATError.h">
      <Filter>Header Files</Filter>
    </ClInclude>
    <ClInclude Include="..\..\..\..\Users\s.gavrilenko\Desktop\airturn-airturn-shared-components-b092f6eaa16c\src\Foundation\ATGenericArray(Internal).h">
      <Filter>Header Files</Filter>
    </ClInclude>
    <ClInclude Include="..\..\..\..\Users\s.gavrilenko\Desktop\airturn-airturn-shared-components-b092f6eaa16c\src\Foundation\ATGenericArray.h">
      <Filter>Header Files</Filter>
    </ClInclude>
    <ClInclude Include="..\..\..\..\Users\s.gavrilenko\Desktop\airturn-airturn-shared-components-b092f6eaa16c\src\Foundation\ATJSONParseError.h">
      <Filter>Header Files</Filter>
    </ClInclude>
    <ClInclude Include="..\..\..\..\Users\s.gavrilenko\Desktop\airturn-airturn-shared-components-b092f6eaa16c\src\Foundation\ATJSONParser.h">
      <Filter>Header Files</Filter>
    </ClInclude>
    <ClInclude Include="..\..\..\..\Users\s.gavrilenko\Desktop\airturn-airturn-shared-components-b092f6eaa16c\src\Foundation\ATJSONTools.h">
      <Filter>Header Files</Filter>
    </ClInclude>
    <ClInclude Include="..\..\..\..\Users\s.gavrilenko\Desktop\airturn-airturn-shared-components-b092f6eaa16c\src\Foundation\ATLocalization(Internal).h">
      <Filter>Header Files</Filter>
    </ClInclude>
    <ClInclude Include="..\..\..\..\Users\s.gavrilenko\Desktop\airturn-airturn-shared-components-b092f6eaa16c\src\Foundation\ATLocalization.h">
      <Filter>Header Files</Filter>
    </ClInclude>
    <ClInclude Include="..\..\..\..\Users\s.gavrilenko\Desktop\airturn-airturn-shared-components-b092f6eaa16c\src\Foundation\ATMalloc.h">
      <Filter>Header Files</Filter>
    </ClInclude>
    <ClInclude Include="..\..\..\..\Users\s.gavrilenko\Desktop\airturn-airturn-shared-components-b092f6eaa16c\src\Foundation\ATMallocInternals.h">
      <Filter>Header Files</Filter>
    </ClInclude>
    <ClInclude Include="..\..\..\..\Users\s.gavrilenko\Desktop\airturn-airturn-shared-components-b092f6eaa16c\src\Foundation\ATMutableBytes.h">
      <Filter>Header Files</Filter>
    </ClInclude>
    <ClInclude Include="..\..\..\..\Users\s.gavrilenko\Desktop\airturn-airturn-shared-components-b092f6eaa16c\src\Foundation\ATMutableStringPointer.h">
      <Filter>Header Files</Filter>
    </ClInclude>
    <ClInclude Include="..\..\..\..\Users\s.gavrilenko\Desktop\airturn-airturn-shared-components-b092f6eaa16c\src\Foundation\ATString.h">
      <Filter>Header Files</Filter>
    </ClInclude>
    <ClInclude Include="..\..\..\..\Users\s.gavrilenko\Desktop\airturn-airturn-shared-components-b092f6eaa16c\src\Foundation\ATStringPointer.h">
      <Filter>Header Files</Filter>
    </ClInclude>
    <ClInclude Include="..\..\..\..\Users\s.gavrilenko\Desktop\airturn-airturn-shared-components-b092f6eaa16c\src\Foundation\ATTypes.h">
      <Filter>Header Files</Filter>
    </ClInclude>
    <ClInclude Include="..\..\..\..\Users\s.gavrilenko\Desktop\airturn-airturn-shared-components-b092f6eaa16c\src\ATLogger(Internal).h">
      <Filter>Header Files</Filter>
    </ClInclude>
    <ClInclude Include="..\..\..\..\Users\s.gavrilenko\Desktop\airturn-airturn-shared-components-b092f6eaa16c\src\ATLogger.h">
      <Filter>Header Files</Filter>
    </ClInclude>
    <ClInclude Include="..\..\..\..\Users\s.gavrilenko\Desktop\airturn-airturn-shared-components-b092f6eaa16c\src\DeviceDefaults\ATDeviceDefaults.h">
      <Filter>Header Files</Filter>
    </ClInclude>
    <ClInclude Include="..\..\..\..\Users\s.gavrilenko\Desktop\airturn-airturn-shared-components-b092f6eaa16c\src\DeviceDefaults\ATDeviceDefaultsBT200.h">
      <Filter>Header Files</Filter>
    </ClInclude>
    <ClInclude Include="..\..\..\..\Users\s.gavrilenko\Desktop\airturn-airturn-shared-components-b092f6eaa16c\src\DeviceDefaults\ATDeviceDefaultsBT200S2.h">
      <Filter>Header Files</Filter>
    </ClInclude>
    <ClInclude Include="..\..\..\..\Users\s.gavrilenko\Desktop\airturn-airturn-shared-components-b092f6eaa16c\src\DeviceDefaults\ATDeviceDefaultsBT200S4.h">
      <Filter>Header Files</Filter>
    </ClInclude>
    <ClInclude Include="..\..\..\..\Users\s.gavrilenko\Desktop\airturn-airturn-shared-components-b092f6eaa16c\src\DeviceDefaults\ATDeviceDefaultsBT200S6.h">
      <Filter>Header Files</Filter>
    </ClInclude>
    <ClInclude Include="..\..\..\..\Users\s.gavrilenko\Desktop\airturn-airturn-shared-components-b092f6eaa16c\src\DeviceDefaults\ATDeviceDefaultsBT500.h">
      <Filter>Header Files</Filter>
    </ClInclude>
    <ClInclude Include="..\..\..\..\Users\s.gavrilenko\Desktop\airturn-airturn-shared-components-b092f6eaa16c\src\DeviceDefaults\ATDeviceDefaultsBT500S2.h">
      <Filter>Header Files</Filter>
    </ClInclude>
    <ClInclude Include="..\..\..\..\Users\s.gavrilenko\Desktop\airturn-airturn-shared-components-b092f6eaa16c\src\DeviceDefaults\ATDeviceDefaultsBT500S4.h">
      <Filter>Header Files</Filter>
    </ClInclude>
    <ClInclude Include="..\..\..\..\Users\s.gavrilenko\Desktop\airturn-airturn-shared-components-b092f6eaa16c\src\DeviceDefaults\ATDeviceDefaultsBT500S6.h">
      <Filter>Header Files</Filter>
    </ClInclude>
    <ClInclude Include="..\..\..\..\Users\s.gavrilenko\Desktop\airturn-airturn-shared-components-b092f6eaa16c\src\DeviceDefaults\ATDeviceDefaultsDevKit.h">
      <Filter>Header Files</Filter>
    </ClInclude>
    <ClInclude Include="..\..\..\..\Users\s.gavrilenko\Desktop\airturn-airturn-shared-components-b092f6eaa16c\src\DeviceDefaults\ATDeviceDefaultsDIGIT3.h">
      <Filter>Header Files</Filter>
    </ClInclude>
    <ClInclude Include="..\..\..\..\Users\s.gavrilenko\Desktop\airturn-airturn-shared-components-b092f6eaa16c\src\DeviceDefaults\ATDeviceDefaultsDIGIT500.h">
      <Filter>Header Files</Filter>
    </ClInclude>
    <ClInclude Include="..\..\..\..\Users\s.gavrilenko\Desktop\airturn-airturn-shared-components-b092f6eaa16c\src\DeviceDefaults\ATDeviceDefaultsPED.h">
      <Filter>Header Files</Filter>
    </ClInclude>
    <ClInclude Include="..\..\..\..\Users\s.gavrilenko\Desktop\airturn-airturn-shared-components-b092f6eaa16c\src\DeviceDefaults\ATDeviceDefaultsPEDpro.h">
      <Filter>Header Files</Filter>
    </ClInclude>
    <ClInclude Include="..\..\..\..\Users\s.gavrilenko\Desktop\airturn-airturn-shared-components-b092f6eaa16c\src\DeviceDefaults\ATDeviceDefaultsPEDpro500.h">
      <Filter>Header Files</Filter>
    </ClInclude>
    <ClInclude Include="..\..\..\..\Users\s.gavrilenko\Desktop\airturn-airturn-shared-components-b092f6eaa16c\src\DeviceDefaults\ATDeviceDefaultsQUAD200.h">
      <Filter>Header Files</Filter>
    </ClInclude>
    <ClInclude Include="..\..\..\..\Users\s.gavrilenko\Desktop\airturn-airturn-shared-components-b092f6eaa16c\src\DeviceDefaults\ATDeviceDefaultsQUAD500.h">
      <Filter>Header Files</Filter>
    </ClInclude>
  </ItemGroup>
  <ItemGroup>
    <ClCompile Include="dllmain.cpp">
      <Filter>Source Files</Filter>
    </ClCompile>
    <ClCompile Include="pch.cpp">
      <Filter>Source Files</Filter>
    </ClCompile>
    <ClCompile Include="..\..\..\..\Users\s.gavrilenko\Desktop\airturn-airturn-shared-components-b092f6eaa16c\src\BLE\ATBLEAdvertisementManufacturerData.c">
      <Filter>Source Files</Filter>
    </ClCompile>
    <ClCompile Include="..\..\..\..\Users\s.gavrilenko\Desktop\airturn-airturn-shared-components-b092f6eaa16c\src\BLE\ATBLEATTResponse.c">
      <Filter>Source Files</Filter>
    </ClCompile>
    <ClCompile Include="..\..\..\..\Users\s.gavrilenko\Desktop\airturn-airturn-shared-components-b092f6eaa16c\src\BLE\ATBLEUUIDs.c">
      <Filter>Source Files</Filter>
    </ClCompile>
    <ClCompile Include="..\..\..\..\Users\s.gavrilenko\Desktop\airturn-airturn-shared-components-b092f6eaa16c\src\DeviceConfiguration\ATAnalogInputConfig.c">
      <Filter>Source Files</Filter>
    </ClCompile>
    <ClCompile Include="..\..\..\..\Users\s.gavrilenko\Desktop\airturn-airturn-shared-components-b092f6eaa16c\src\DeviceConfiguration\ATAnalogInputConfigManager.c">
      <Filter>Source Files</Filter>
    </ClCompile>
    <ClCompile Include="..\..\..\..\Users\s.gavrilenko\Desktop\airturn-airturn-shared-components-b092f6eaa16c\src\DeviceConfiguration\ATAnalogPortConfig.c">
      <Filter>Source Files</Filter>
    </ClCompile>
    <ClCompile Include="..\..\..\..\Users\s.gavrilenko\Desktop\airturn-airturn-shared-components-b092f6eaa16c\src\DeviceConfiguration\ATConfig.c">
      <Filter>Source Files</Filter>
    </ClCompile>
    <ClCompile Include="..\..\..\..\Users\s.gavrilenko\Desktop\airturn-airturn-shared-components-b092f6eaa16c\src\DeviceConfiguration\ATConnectionConfiguration.c">
      <Filter>Source Files</Filter>
    </ClCompile>
    <ClCompile Include="..\..\..\..\Users\s.gavrilenko\Desktop\airturn-airturn-shared-components-b092f6eaa16c\src\DeviceConfiguration\ATDebounceTime.c">
      <Filter>Source Files</Filter>
    </ClCompile>
    <ClCompile Include="..\..\..\..\Users\s.gavrilenko\Desktop\airturn-airturn-shared-components-b092f6eaa16c\src\DeviceConfiguration\ATDelayBeforeRepeat.c">
      <Filter>Source Files</Filter>
    </ClCompile>
    <ClCompile Include="..\..\..\..\Users\s.gavrilenko\Desktop\airturn-airturn-shared-components-b092f6eaa16c\src\DeviceConfiguration\ATIdlePowerOff.c">
      <Filter>Source Files</Filter>
    </ClCompile>
    <ClCompile Include="..\..\..\..\Users\s.gavrilenko\Desktop\airturn-airturn-shared-components-b092f6eaa16c\src\DeviceConfiguration\ATMIDIParser.c">
      <Filter>Source Files</Filter>
    </ClCompile>
    <ClCompile Include="..\..\..\..\Users\s.gavrilenko\Desktop\airturn-airturn-shared-components-b092f6eaa16c\src\DeviceConfiguration\ATMIDITypes.c">
      <Filter>Source Files</Filter>
    </ClCompile>
    <ClCompile Include="..\..\..\..\Users\s.gavrilenko\Desktop\airturn-airturn-shared-components-b092f6eaa16c\src\DeviceConfiguration\ATOEM.c">
      <Filter>Source Files</Filter>
    </ClCompile>
    <ClCompile Include="..\..\..\..\Users\s.gavrilenko\Desktop\airturn-airturn-shared-components-b092f6eaa16c\src\DeviceConfiguration\ATPairingMethod.c">
      <Filter>Source Files</Filter>
    </ClCompile>
    <ClCompile Include="..\..\..\..\Users\s.gavrilenko\Desktop\airturn-airturn-shared-components-b092f6eaa16c\src\DeviceConfiguration\ATPortConfig.c">
      <Filter>Source Files</Filter>
    </ClCompile>
    <ClCompile Include="..\..\..\..\Users\s.gavrilenko\Desktop\airturn-airturn-shared-components-b092f6eaa16c\src\DeviceConfiguration\ATPortConfigItem.c">
      <Filter>Source Files</Filter>
    </ClCompile>
    <ClCompile Include="..\..\..\..\Users\s.gavrilenko\Desktop\airturn-airturn-shared-components-b092f6eaa16c\src\DeviceConfiguration\ATPortConfigItemValue.c">
      <Filter>Source Files</Filter>
    </ClCompile>
    <ClCompile Include="..\..\..\..\Users\s.gavrilenko\Desktop\airturn-airturn-shared-components-b092f6eaa16c\src\DeviceConfiguration\ATPortConfigTypes.c">
      <Filter>Source Files</Filter>
    </ClCompile>
    <ClCompile Include="..\..\..\..\Users\s.gavrilenko\Desktop\airturn-airturn-shared-components-b092f6eaa16c\src\DeviceConfiguration\ATRepeatRate.c">
      <Filter>Source Files</Filter>
    </ClCompile>
    <ClCompile Include="..\..\..\..\Users\s.gavrilenko\Desktop\airturn-airturn-shared-components-b092f6eaa16c\src\DeviceConfiguration\ATValueCodec.c">
      <Filter>Source Files</Filter>
    </ClCompile>
    <ClCompile Include="..\..\..\..\Users\s.gavrilenko\Desktop\airturn-airturn-shared-components-b092f6eaa16c\src\DeviceTypes\ATAnalogAction.c">
      <Filter>Header Files</Filter>
    </ClCompile>
    <ClCompile Include="..\..\..\..\Users\s.gavrilenko\Desktop\airturn-airturn-shared-components-b092f6eaa16c\src\DeviceTypes\ATAnalogInputValue.c">
      <Filter>Header Files</Filter>
    </ClCompile>
    <ClCompile Include="..\..\..\..\Users\s.gavrilenko\Desktop\airturn-airturn-shared-components-b092f6eaa16c\src\DeviceTypes\ATAssociatedModePortData.c">
      <Filter>Header Files</Filter>
    </ClCompile>
    <ClCompile Include="..\..\..\..\Users\s.gavrilenko\Desktop\airturn-airturn-shared-components-b092f6eaa16c\src\DeviceTypes\ATChargingState.c">
      <Filter>Header Files</Filter>
    </ClCompile>
    <ClCompile Include="..\..\..\..\Users\s.gavrilenko\Desktop\airturn-airturn-shared-components-b092f6eaa16c\src\DeviceTypes\ATConnectionControl.c">
      <Filter>Header Files</Filter>
    </ClCompile>
    <ClCompile Include="..\..\..\..\Users\s.gavrilenko\Desktop\airturn-airturn-shared-components-b092f6eaa16c\src\DeviceTypes\ATInputType.c">
      <Filter>Header Files</Filter>
    </ClCompile>
    <ClCompile Include="..\..\..\..\Users\s.gavrilenko\Desktop\airturn-airturn-shared-components-b092f6eaa16c\src\DeviceTypes\ATMode.c">
      <Filter>Header Files</Filter>
    </ClCompile>
    <ClCompile Include="..\..\..\..\Users\s.gavrilenko\Desktop\airturn-airturn-shared-components-b092f6eaa16c\src\DeviceTypes\ATModeFeatures.c">
      <Filter>Header Files</Filter>
    </ClCompile>
    <ClCompile Include="..\..\..\..\Users\s.gavrilenko\Desktop\airturn-airturn-shared-components-b092f6eaa16c\src\DeviceTypes\ATModelID.c">
      <Filter>Header Files</Filter>
    </ClCompile>
    <ClCompile Include="..\..\..\..\Users\s.gavrilenko\Desktop\airturn-airturn-shared-components-b092f6eaa16c\src\DeviceTypes\ATPairingState.c">
      <Filter>Header Files</Filter>
    </ClCompile>
    <ClCompile Include="..\..\..\..\Users\s.gavrilenko\Desktop\airturn-airturn-shared-components-b092f6eaa16c\src\DeviceTypes\ATPort.c">
      <Filter>Header Files</Filter>
    </ClCompile>
    <ClCompile Include="..\..\..\..\Users\s.gavrilenko\Desktop\airturn-airturn-shared-components-b092f6eaa16c\src\DeviceTypes\ATPorts.c">
      <Filter>Header Files</Filter>
    </ClCompile>
    <ClCompile Include="..\..\..\..\Users\s.gavrilenko\Desktop\airturn-airturn-shared-components-b092f6eaa16c\src\Foundation\ATAssertHandlerDefault.c">
      <Filter>Header Files</Filter>
    </ClCompile>
    <ClCompile Include="..\..\..\..\Users\s.gavrilenko\Desktop\airturn-airturn-shared-components-b092f6eaa16c\src\Foundation\ATBase.c">
      <Filter>Header Files</Filter>
    </ClCompile>
    <ClCompile Include="..\..\..\..\Users\s.gavrilenko\Desktop\airturn-airturn-shared-components-b092f6eaa16c\src\Foundation\ATBaseArray.c">
      <Filter>Header Files</Filter>
    </ClCompile>
    <ClCompile Include="..\..\..\..\Users\s.gavrilenko\Desktop\airturn-airturn-shared-components-b092f6eaa16c\src\Foundation\ATBytes.c">
      <Filter>Header Files</Filter>
    </ClCompile>
    <ClCompile Include="..\..\..\..\Users\s.gavrilenko\Desktop\airturn-airturn-shared-components-b092f6eaa16c\src\Foundation\ATData.c">
      <Filter>Header Files</Filter>
    </ClCompile>
    <ClCompile Include="..\..\..\..\Users\s.gavrilenko\Desktop\airturn-airturn-shared-components-b092f6eaa16c\src\Foundation\ATGenericArray.c">
      <Filter>Header Files</Filter>
    </ClCompile>
    <ClCompile Include="..\..\..\..\Users\s.gavrilenko\Desktop\airturn-airturn-shared-components-b092f6eaa16c\src\Foundation\ATJSONParseError.c">
      <Filter>Header Files</Filter>
    </ClCompile>
    <ClCompile Include="..\..\..\..\Users\s.gavrilenko\Desktop\airturn-airturn-shared-components-b092f6eaa16c\src\Foundation\ATJSONParser.c">
      <Filter>Header Files</Filter>
    </ClCompile>
    <ClCompile Include="..\..\..\..\Users\s.gavrilenko\Desktop\airturn-airturn-shared-components-b092f6eaa16c\src\Foundation\ATJSONTools.c">
      <Filter>Header Files</Filter>
    </ClCompile>
    <ClCompile Include="..\..\..\..\Users\s.gavrilenko\Desktop\airturn-airturn-shared-components-b092f6eaa16c\src\Foundation\ATLocalization.c">
      <Filter>Header Files</Filter>
    </ClCompile>
    <ClCompile Include="..\..\..\..\Users\s.gavrilenko\Desktop\airturn-airturn-shared-components-b092f6eaa16c\src\Foundation\ATMalloc.c">
      <Filter>Header Files</Filter>
    </ClCompile>
    <ClCompile Include="..\..\..\..\Users\s.gavrilenko\Desktop\airturn-airturn-shared-components-b092f6eaa16c\src\Foundation\ATMutableStringPointer.c">
      <Filter>Header Files</Filter>
    </ClCompile>
    <ClCompile Include="..\..\..\..\Users\s.gavrilenko\Desktop\airturn-airturn-shared-components-b092f6eaa16c\src\Foundation\ATString.c">
      <Filter>Header Files</Filter>
    </ClCompile>
    <ClCompile Include="..\..\..\..\Users\s.gavrilenko\Desktop\airturn-airturn-shared-components-b092f6eaa16c\src\Foundation\ATTypes.c">
      <Filter>Header Files</Filter>
    </ClCompile>
    <ClCompile Include="..\..\..\..\Users\s.gavrilenko\Desktop\airturn-airturn-shared-components-b092f6eaa16c\src\Foundation\jsmn.c">
      <Filter>Header Files</Filter>
    </ClCompile>
    <ClCompile Include="..\..\..\..\Users\s.gavrilenko\Desktop\airturn-airturn-shared-components-b092f6eaa16c\src\ATLogger.c">
      <Filter>Header Files</Filter>
    </ClCompile>
    <ClCompile Include="..\..\..\..\Users\s.gavrilenko\Desktop\airturn-airturn-shared-components-b092f6eaa16c\src\DeviceDefaults\ATDeviceDefaults.c">
      <Filter>Header Files</Filter>
    </ClCompile>
    <ClCompile Include="..\..\..\..\Users\s.gavrilenko\Desktop\airturn-airturn-shared-components-b092f6eaa16c\src\DeviceDefaults\ATDeviceDefaultsBT200.c">
      <Filter>Header Files</Filter>
    </ClCompile>
    <ClCompile Include="..\..\..\..\Users\s.gavrilenko\Desktop\airturn-airturn-shared-components-b092f6eaa16c\src\DeviceDefaults\ATDeviceDefaultsBT200S2.c">
      <Filter>Header Files</Filter>
    </ClCompile>
    <ClCompile Include="..\..\..\..\Users\s.gavrilenko\Desktop\airturn-airturn-shared-components-b092f6eaa16c\src\DeviceDefaults\ATDeviceDefaultsBT200S4.c">
      <Filter>Header Files</Filter>
    </ClCompile>
    <ClCompile Include="..\..\..\..\Users\s.gavrilenko\Desktop\airturn-airturn-shared-components-b092f6eaa16c\src\DeviceDefaults\ATDeviceDefaultsBT200S6.c">
      <Filter>Header Files</Filter>
    </ClCompile>
    <ClCompile Include="..\..\..\..\Users\s.gavrilenko\Desktop\airturn-airturn-shared-components-b092f6eaa16c\src\DeviceDefaults\ATDeviceDefaultsBT500.c">
      <Filter>Header Files</Filter>
    </ClCompile>
    <ClCompile Include="..\..\..\..\Users\s.gavrilenko\Desktop\airturn-airturn-shared-components-b092f6eaa16c\src\DeviceDefaults\ATDeviceDefaultsBT500S2.c">
      <Filter>Header Files</Filter>
    </ClCompile>
    <ClCompile Include="..\..\..\..\Users\s.gavrilenko\Desktop\airturn-airturn-shared-components-b092f6eaa16c\src\DeviceDefaults\ATDeviceDefaultsBT500S4.c">
      <Filter>Header Files</Filter>
    </ClCompile>
    <ClCompile Include="..\..\..\..\Users\s.gavrilenko\Desktop\airturn-airturn-shared-components-b092f6eaa16c\src\DeviceDefaults\ATDeviceDefaultsBT500S6.c">
      <Filter>Header Files</Filter>
    </ClCompile>
    <ClCompile Include="..\..\..\..\Users\s.gavrilenko\Desktop\airturn-airturn-shared-components-b092f6eaa16c\src\DeviceDefaults\ATDeviceDefaultsDevKit.c">
      <Filter>Header Files</Filter>
    </ClCompile>
    <ClCompile Include="..\..\..\..\Users\s.gavrilenko\Desktop\airturn-airturn-shared-components-b092f6eaa16c\src\DeviceDefaults\ATDeviceDefaultsDIGIT3.c">
      <Filter>Header Files</Filter>
    </ClCompile>
    <ClCompile Include="..\..\..\..\Users\s.gavrilenko\Desktop\airturn-airturn-shared-components-b092f6eaa16c\src\DeviceDefaults\ATDeviceDefaultsDIGIT500.c">
      <Filter>Header Files</Filter>
    </ClCompile>
    <ClCompile Include="..\..\..\..\Users\s.gavrilenko\Desktop\airturn-airturn-shared-components-b092f6eaa16c\src\DeviceDefaults\ATDeviceDefaultsPED.c">
      <Filter>Header Files</Filter>
    </ClCompile>
    <ClCompile Include="..\..\..\..\Users\s.gavrilenko\Desktop\airturn-airturn-shared-components-b092f6eaa16c\src\DeviceDefaults\ATDeviceDefaultsPEDpro.c">
      <Filter>Header Files</Filter>
    </ClCompile>
    <ClCompile Include="..\..\..\..\Users\s.gavrilenko\Desktop\airturn-airturn-shared-components-b092f6eaa16c\src\DeviceDefaults\ATDeviceDefaultsPEDpro500.c">
      <Filter>Header Files</Filter>
    </ClCompile>
    <ClCompile Include="..\..\..\..\Users\s.gavrilenko\Desktop\airturn-airturn-shared-components-b092f6eaa16c\src\DeviceDefaults\ATDeviceDefaultsQUAD200.c">
      <Filter>Header Files</Filter>
    </ClCompile>
    <ClCompile Include="..\..\..\..\Users\s.gavrilenko\Desktop\airturn-airturn-shared-components-b092f6eaa16c\src\DeviceDefaults\ATDeviceDefaultsQUAD500.c">
      <Filter>Header Files</Filter>
    </ClCompile>
  </ItemGroup>
</Project>